// !$*UTF8*$!
{
	archiveVersion = 1;
	classes = {
	};
	objectVersion = 46;
	objects = {

/* Begin PBXBuildFile section */
		2809ABDD11C00A5D006BCD26 /* libSpeexDSP.dylib in Frameworks */ = {isa = PBXBuildFile; fileRef = 280442F311BFC1800069E291 /* libSpeexDSP.dylib */; };
		2809ABDE11C00A6F006BCD26 /* libSpeex.dylib in Frameworks */ = {isa = PBXBuildFile; fileRef = 280442F611BFC1800069E291 /* libSpeex.dylib */; };
		2809ABDF11C00A76006BCD26 /* libProtocolBuffers.dylib in Frameworks */ = {isa = PBXBuildFile; fileRef = 280442FB11BFC1800069E291 /* libProtocolBuffers.dylib */; };
		281A23E51179F5B600B7A471 /* MulticastDelegate.h in Headers */ = {isa = PBXBuildFile; fileRef = 281A23E31179F5B600B7A471 /* MulticastDelegate.h */; };
		281A23E61179F5B600B7A471 /* MulticastDelegate.m in Sources */ = {isa = PBXBuildFile; fileRef = 281A23E41179F5B600B7A471 /* MulticastDelegate.m */; };
		2866FBF811C2F35600CE375F /* MKConnectionController.h in Headers */ = {isa = PBXBuildFile; fileRef = 2866FBF611C2F35600CE375F /* MKConnectionController.h */; };
		2866FBF911C2F35600CE375F /* MKConnectionController.m in Sources */ = {isa = PBXBuildFile; fileRef = 2866FBF711C2F35600CE375F /* MKConnectionController.m */; };
		287509CF11431A68002885AF /* MKUtils.h in Headers */ = {isa = PBXBuildFile; fileRef = 287509CD11431A68002885AF /* MKUtils.h */; };
		28750A1D11431BD4002885AF /* AudioToolbox.framework in Frameworks */ = {isa = PBXBuildFile; fileRef = 28750A1C11431BD4002885AF /* AudioToolbox.framework */; };
		28750A2111431BD7002885AF /* CFNetwork.framework in Frameworks */ = {isa = PBXBuildFile; fileRef = 28750A2011431BD7002885AF /* CFNetwork.framework */; };
		28750A3911431C42002885AF /* MKReadWriteLock.h in Headers */ = {isa = PBXBuildFile; fileRef = 28750A3811431C42002885AF /* MKReadWriteLock.h */; };
		28750A3B11431C50002885AF /* MKReadWriteLock.m in Sources */ = {isa = PBXBuildFile; fileRef = 28750A3A11431C50002885AF /* MKReadWriteLock.m */; };
		28750A4B11431D2E002885AF /* MKChannel.m in Sources */ = {isa = PBXBuildFile; fileRef = 28750A4511431D2E002885AF /* MKChannel.m */; };
		28750A4C11431D2E002885AF /* MKConnection.m in Sources */ = {isa = PBXBuildFile; fileRef = 28750A4611431D2E002885AF /* MKConnection.m */; };
		28750A4D11431D2E002885AF /* MKCryptState.m in Sources */ = {isa = PBXBuildFile; fileRef = 28750A4711431D2E002885AF /* MKCryptState.m */; };
		28750A4E11431D2E002885AF /* MKPacketDataStream.m in Sources */ = {isa = PBXBuildFile; fileRef = 28750A4811431D2E002885AF /* MKPacketDataStream.m */; };
		28750A4F11431D2E002885AF /* MKServerModel.m in Sources */ = {isa = PBXBuildFile; fileRef = 28750A4911431D2E002885AF /* MKServerModel.m */; };
		28750A5011431D2E002885AF /* MKUser.m in Sources */ = {isa = PBXBuildFile; fileRef = 28750A4A11431D2E002885AF /* MKUser.m */; };
		28750A5711431D39002885AF /* MKChannel.h in Headers */ = {isa = PBXBuildFile; fileRef = 28750A5111431D39002885AF /* MKChannel.h */; };
		28750A5811431D39002885AF /* MKConnection.h in Headers */ = {isa = PBXBuildFile; fileRef = 28750A5211431D39002885AF /* MKConnection.h */; };
		28750A5911431D39002885AF /* MKCryptState.h in Headers */ = {isa = PBXBuildFile; fileRef = 28750A5311431D39002885AF /* MKCryptState.h */; };
		28750A5A11431D39002885AF /* MKPacketDataStream.h in Headers */ = {isa = PBXBuildFile; fileRef = 28750A5411431D39002885AF /* MKPacketDataStream.h */; };
		28750A5B11431D39002885AF /* MKServerModel.h in Headers */ = {isa = PBXBuildFile; fileRef = 28750A5511431D39002885AF /* MKServerModel.h */; };
		28750A5C11431D39002885AF /* MKUser.h in Headers */ = {isa = PBXBuildFile; fileRef = 28750A5611431D39002885AF /* MKUser.h */; };
		288A6BBD11500C82008FED5E /* Descriptor.pb.h in Headers */ = {isa = PBXBuildFile; fileRef = 288A6BB611500C82008FED5E /* Descriptor.pb.h */; };
		288A6BBE11500C82008FED5E /* Descriptor.pb.m in Sources */ = {isa = PBXBuildFile; fileRef = 288A6BB711500C82008FED5E /* Descriptor.pb.m */; };
		288A6BBF11500C82008FED5E /* Mumble.pb.h in Headers */ = {isa = PBXBuildFile; fileRef = 288A6BB811500C82008FED5E /* Mumble.pb.h */; };
		288A6BC011500C82008FED5E /* Mumble.pb.m in Sources */ = {isa = PBXBuildFile; fileRef = 288A6BB911500C82008FED5E /* Mumble.pb.m */; };
		288A6BC111500C82008FED5E /* ObjectivecDescriptor.pb.h in Headers */ = {isa = PBXBuildFile; fileRef = 288A6BBB11500C82008FED5E /* ObjectivecDescriptor.pb.h */; };
		288A6BC211500C82008FED5E /* ObjectivecDescriptor.pb.m in Sources */ = {isa = PBXBuildFile; fileRef = 288A6BBC11500C82008FED5E /* ObjectivecDescriptor.pb.m */; };
		288A6BE011500E06008FED5E /* libSpeexDSP.a in Frameworks */ = {isa = PBXBuildFile; fileRef = 281F0B6511500BB400BAA221 /* libSpeexDSP.a */; };
		288A6BE111500E0D008FED5E /* libSpeex.a in Frameworks */ = {isa = PBXBuildFile; fileRef = 281F0B5C11500BAC00BAA221 /* libSpeex.a */; };
		288A6BE211500E14008FED5E /* libProtocolBuffers.a in Frameworks */ = {isa = PBXBuildFile; fileRef = 281F0B4F11500BA400BAA221 /* libProtocolBuffers.a */; };
		2897BABA11452E4D00F3D16D /* NSInvocation(MumbleKitAdditions).h in Headers */ = {isa = PBXBuildFile; fileRef = 2897BAB811452E4D00F3D16D /* NSInvocation(MumbleKitAdditions).h */; };
		2897BABB11452E4D00F3D16D /* NSInvocation(MumbleKitAdditions).m in Sources */ = {isa = PBXBuildFile; fileRef = 2897BAB911452E4D00F3D16D /* NSInvocation(MumbleKitAdditions).m */; };
		289C799C11C2E2B00061CB28 /* libCELT-0.7.0.dylib in Frameworks */ = {isa = PBXBuildFile; fileRef = 289C798811C2E0120061CB28 /* libCELT-0.7.0.dylib */; };
		289C799D11C2E2C20061CB28 /* libCELT-0.7.0.dylib in CopyFiles */ = {isa = PBXBuildFile; fileRef = 289C798811C2E0120061CB28 /* libCELT-0.7.0.dylib */; };
		289C79A511C2E2F60061CB28 /* libCELT-0.7.0.a in Frameworks */ = {isa = PBXBuildFile; fileRef = 289C798611C2E0120061CB28 /* libCELT-0.7.0.a */; };
		28A4934411431863000627EB /* MKAudio.h in Headers */ = {isa = PBXBuildFile; fileRef = 28A4933A11431863000627EB /* MKAudio.h */; };
		28A4934511431863000627EB /* MKAudio.m in Sources */ = {isa = PBXBuildFile; fileRef = 28A4933B11431863000627EB /* MKAudio.m */; };
		28A4934611431863000627EB /* MKAudioInput.h in Headers */ = {isa = PBXBuildFile; fileRef = 28A4933C11431863000627EB /* MKAudioInput.h */; };
		28A4934711431863000627EB /* MKAudioInput.m in Sources */ = {isa = PBXBuildFile; fileRef = 28A4933D11431863000627EB /* MKAudioInput.m */; };
		28A4934811431863000627EB /* MKAudioOutput.h in Headers */ = {isa = PBXBuildFile; fileRef = 28A4933E11431863000627EB /* MKAudioOutput.h */; };
		28A4934911431863000627EB /* MKAudioOutput.m in Sources */ = {isa = PBXBuildFile; fileRef = 28A4933F11431863000627EB /* MKAudioOutput.m */; };
		28A4934A11431863000627EB /* MKAudioOutputSpeech.h in Headers */ = {isa = PBXBuildFile; fileRef = 28A4934011431863000627EB /* MKAudioOutputSpeech.h */; };
		28A4934B11431863000627EB /* MKAudioOutputSpeech.m in Sources */ = {isa = PBXBuildFile; fileRef = 28A4934111431863000627EB /* MKAudioOutputSpeech.m */; };
		28A4934C11431863000627EB /* MKAudioOutputUser.h in Headers */ = {isa = PBXBuildFile; fileRef = 28A4934211431863000627EB /* MKAudioOutputUser.h */; };
		28A4934D11431863000627EB /* MKAudioOutputUser.m in Sources */ = {isa = PBXBuildFile; fileRef = 28A4934311431863000627EB /* MKAudioOutputUser.m */; };
		28AE414A11432A26004B3046 /* MKServices.h in Headers */ = {isa = PBXBuildFile; fileRef = 28AE414911432A26004B3046 /* MKServices.h */; };
		28AE414C11432A2E004B3046 /* MKServices.m in Sources */ = {isa = PBXBuildFile; fileRef = 28AE414B11432A2E004B3046 /* MKServices.m */; };
		28BA40DF1179170A006FAB39 /* MKVersion.h in Headers */ = {isa = PBXBuildFile; fileRef = 28BA40DD1179170A006FAB39 /* MKVersion.h */; };
		28BA40E01179170A006FAB39 /* MKVersion.m in Sources */ = {isa = PBXBuildFile; fileRef = 28BA40DE1179170A006FAB39 /* MKVersion.m */; };
		28D81E9811BFC2400037D2C6 /* MKAudio.m in Sources */ = {isa = PBXBuildFile; fileRef = 28A4933B11431863000627EB /* MKAudio.m */; };
		28D81E9911BFC2400037D2C6 /* MKAudioInput.m in Sources */ = {isa = PBXBuildFile; fileRef = 28A4933D11431863000627EB /* MKAudioInput.m */; };
		28D81E9A11BFC2400037D2C6 /* MKAudioOutput.m in Sources */ = {isa = PBXBuildFile; fileRef = 28A4933F11431863000627EB /* MKAudioOutput.m */; };
		28D81E9B11BFC2400037D2C6 /* MKAudioOutputSpeech.m in Sources */ = {isa = PBXBuildFile; fileRef = 28A4934111431863000627EB /* MKAudioOutputSpeech.m */; };
		28D81E9C11BFC2400037D2C6 /* MKAudioOutputUser.m in Sources */ = {isa = PBXBuildFile; fileRef = 28A4934311431863000627EB /* MKAudioOutputUser.m */; };
		28D81E9D11BFC2400037D2C6 /* MKReadWriteLock.m in Sources */ = {isa = PBXBuildFile; fileRef = 28750A3A11431C50002885AF /* MKReadWriteLock.m */; };
		28D81E9E11BFC2400037D2C6 /* MKChannel.m in Sources */ = {isa = PBXBuildFile; fileRef = 28750A4511431D2E002885AF /* MKChannel.m */; };
		28D81E9F11BFC2400037D2C6 /* MKConnection.m in Sources */ = {isa = PBXBuildFile; fileRef = 28750A4611431D2E002885AF /* MKConnection.m */; };
		28D81EA011BFC2400037D2C6 /* MKCryptState.m in Sources */ = {isa = PBXBuildFile; fileRef = 28750A4711431D2E002885AF /* MKCryptState.m */; };
		28D81EA111BFC2400037D2C6 /* MKPacketDataStream.m in Sources */ = {isa = PBXBuildFile; fileRef = 28750A4811431D2E002885AF /* MKPacketDataStream.m */; };
		28D81EA211BFC2400037D2C6 /* MKServerModel.m in Sources */ = {isa = PBXBuildFile; fileRef = 28750A4911431D2E002885AF /* MKServerModel.m */; };
		28D81EA311BFC2400037D2C6 /* MKUser.m in Sources */ = {isa = PBXBuildFile; fileRef = 28750A4A11431D2E002885AF /* MKUser.m */; };
		28D81EA411BFC2400037D2C6 /* MKServices.m in Sources */ = {isa = PBXBuildFile; fileRef = 28AE414B11432A2E004B3046 /* MKServices.m */; };
		28D81EA511BFC2400037D2C6 /* NSInvocation(MumbleKitAdditions).m in Sources */ = {isa = PBXBuildFile; fileRef = 2897BAB911452E4D00F3D16D /* NSInvocation(MumbleKitAdditions).m */; };
		28D81EA611BFC2400037D2C6 /* Descriptor.pb.m in Sources */ = {isa = PBXBuildFile; fileRef = 288A6BB711500C82008FED5E /* Descriptor.pb.m */; };
		28D81EA711BFC2400037D2C6 /* Mumble.pb.m in Sources */ = {isa = PBXBuildFile; fileRef = 288A6BB911500C82008FED5E /* Mumble.pb.m */; };
		28D81EA811BFC2400037D2C6 /* ObjectivecDescriptor.pb.m in Sources */ = {isa = PBXBuildFile; fileRef = 288A6BBC11500C82008FED5E /* ObjectivecDescriptor.pb.m */; };
		28D81EA911BFC2400037D2C6 /* MKVersion.m in Sources */ = {isa = PBXBuildFile; fileRef = 28BA40DE1179170A006FAB39 /* MKVersion.m */; };
		28D81EAA11BFC2400037D2C6 /* MulticastDelegate.m in Sources */ = {isa = PBXBuildFile; fileRef = 281A23E41179F5B600B7A471 /* MulticastDelegate.m */; };
		28D81EAB11BFC2400037D2C6 /* MKServerModelObject.m in Sources */ = {isa = PBXBuildFile; fileRef = 28F62B471180B31600214B11 /* MKServerModelObject.m */; };
		28D81EAC11BFC2480037D2C6 /* MumbleKit.pch in Headers */ = {isa = PBXBuildFile; fileRef = AA747D9E0F9514B9006C5449 /* MumbleKit.pch */; };
		28D81EAD11BFC2480037D2C6 /* MKAudio.h in Headers */ = {isa = PBXBuildFile; fileRef = 28A4933A11431863000627EB /* MKAudio.h */; settings = {ATTRIBUTES = (Public, ); }; };
		28D81EAE11BFC2480037D2C6 /* MKAudioInput.h in Headers */ = {isa = PBXBuildFile; fileRef = 28A4933C11431863000627EB /* MKAudioInput.h */; settings = {ATTRIBUTES = (Public, ); }; };
		28D81EAF11BFC2480037D2C6 /* MKAudioOutput.h in Headers */ = {isa = PBXBuildFile; fileRef = 28A4933E11431863000627EB /* MKAudioOutput.h */; settings = {ATTRIBUTES = (Public, ); }; };
		28D81EB011BFC2480037D2C6 /* MKAudioOutputSpeech.h in Headers */ = {isa = PBXBuildFile; fileRef = 28A4934011431863000627EB /* MKAudioOutputSpeech.h */; settings = {ATTRIBUTES = (Public, ); }; };
		28D81EB111BFC2480037D2C6 /* MKAudioOutputUser.h in Headers */ = {isa = PBXBuildFile; fileRef = 28A4934211431863000627EB /* MKAudioOutputUser.h */; settings = {ATTRIBUTES = (Public, ); }; };
		28D81EB211BFC2480037D2C6 /* MKUtils.h in Headers */ = {isa = PBXBuildFile; fileRef = 287509CD11431A68002885AF /* MKUtils.h */; settings = {ATTRIBUTES = (Public, ); }; };
		28D81EB311BFC2480037D2C6 /* MKReadWriteLock.h in Headers */ = {isa = PBXBuildFile; fileRef = 28750A3811431C42002885AF /* MKReadWriteLock.h */; settings = {ATTRIBUTES = (Public, ); }; };
		28D81EB411BFC2480037D2C6 /* MKChannel.h in Headers */ = {isa = PBXBuildFile; fileRef = 28750A5111431D39002885AF /* MKChannel.h */; settings = {ATTRIBUTES = (Public, ); }; };
		28D81EB511BFC2480037D2C6 /* MKConnection.h in Headers */ = {isa = PBXBuildFile; fileRef = 28750A5211431D39002885AF /* MKConnection.h */; settings = {ATTRIBUTES = (Public, ); }; };
		28D81EB611BFC2480037D2C6 /* MKCryptState.h in Headers */ = {isa = PBXBuildFile; fileRef = 28750A5311431D39002885AF /* MKCryptState.h */; settings = {ATTRIBUTES = (Public, ); }; };
		28D81EB711BFC2480037D2C6 /* MKPacketDataStream.h in Headers */ = {isa = PBXBuildFile; fileRef = 28750A5411431D39002885AF /* MKPacketDataStream.h */; settings = {ATTRIBUTES = (Public, ); }; };
		28D81EB811BFC2480037D2C6 /* MKUser.h in Headers */ = {isa = PBXBuildFile; fileRef = 28750A5611431D39002885AF /* MKUser.h */; settings = {ATTRIBUTES = (Public, ); }; };
		28D81EB911BFC2480037D2C6 /* MKServerModel.h in Headers */ = {isa = PBXBuildFile; fileRef = 28750A5511431D39002885AF /* MKServerModel.h */; settings = {ATTRIBUTES = (Public, ); }; };
		28D81EBA11BFC2480037D2C6 /* MKServices.h in Headers */ = {isa = PBXBuildFile; fileRef = 28AE414911432A26004B3046 /* MKServices.h */; settings = {ATTRIBUTES = (Public, ); }; };
		28D81EBB11BFC2480037D2C6 /* NSInvocation(MumbleKitAdditions).h in Headers */ = {isa = PBXBuildFile; fileRef = 2897BAB811452E4D00F3D16D /* NSInvocation(MumbleKitAdditions).h */; settings = {ATTRIBUTES = (); }; };
		28D81EBC11BFC2480037D2C6 /* Descriptor.pb.h in Headers */ = {isa = PBXBuildFile; fileRef = 288A6BB611500C82008FED5E /* Descriptor.pb.h */; settings = {ATTRIBUTES = (); }; };
		28D81EBD11BFC2480037D2C6 /* Mumble.pb.h in Headers */ = {isa = PBXBuildFile; fileRef = 288A6BB811500C82008FED5E /* Mumble.pb.h */; settings = {ATTRIBUTES = (); }; };
		28D81EBE11BFC2480037D2C6 /* ObjectivecDescriptor.pb.h in Headers */ = {isa = PBXBuildFile; fileRef = 288A6BBB11500C82008FED5E /* ObjectivecDescriptor.pb.h */; settings = {ATTRIBUTES = (); }; };
		28D81EBF11BFC2480037D2C6 /* MKVersion.h in Headers */ = {isa = PBXBuildFile; fileRef = 28BA40DD1179170A006FAB39 /* MKVersion.h */; settings = {ATTRIBUTES = (Public, ); }; };
		28D81EC011BFC2480037D2C6 /* MulticastDelegate.h in Headers */ = {isa = PBXBuildFile; fileRef = 281A23E31179F5B600B7A471 /* MulticastDelegate.h */; };
		28D81EC111BFC2480037D2C6 /* MKServerModelObject.h in Headers */ = {isa = PBXBuildFile; fileRef = 28F62B461180B31600214B11 /* MKServerModelObject.h */; settings = {ATTRIBUTES = (Public, ); }; };
		28D81EE611BFC30E0037D2C6 /* libSpeexDSP.dylib in CopyFiles */ = {isa = PBXBuildFile; fileRef = 280442F311BFC1800069E291 /* libSpeexDSP.dylib */; };
		28D81EE711BFC3180037D2C6 /* libSpeex.dylib in CopyFiles */ = {isa = PBXBuildFile; fileRef = 280442F611BFC1800069E291 /* libSpeex.dylib */; };
		28D81EE811BFC3220037D2C6 /* libProtocolBuffers.dylib in CopyFiles */ = {isa = PBXBuildFile; fileRef = 280442FB11BFC1800069E291 /* libProtocolBuffers.dylib */; };
		28D81EEC11BFC36F0037D2C6 /* AudioToolbox.framework in Frameworks */ = {isa = PBXBuildFile; fileRef = 28750A1C11431BD4002885AF /* AudioToolbox.framework */; };
		28D81EEE11BFC3750037D2C6 /* Security.framework in Frameworks */ = {isa = PBXBuildFile; fileRef = 28D81EED11BFC3750037D2C6 /* Security.framework */; };
		28D81EF411BFC3910037D2C6 /* AudioUnit.framework in Frameworks */ = {isa = PBXBuildFile; fileRef = 28D81EF311BFC3910037D2C6 /* AudioUnit.framework */; };
		28DA415911C3AA4D0037B01D /* MKConnectionController.m in Sources */ = {isa = PBXBuildFile; fileRef = 2866FBF711C2F35600CE375F /* MKConnectionController.m */; };
		28DA415A11C3AA590037B01D /* MKConnectionController.h in Headers */ = {isa = PBXBuildFile; fileRef = 2866FBF611C2F35600CE375F /* MKConnectionController.h */; };
		28DB498711C39456001140AD /* CoreAudio.framework in Frameworks */ = {isa = PBXBuildFile; fileRef = 28DB498611C39456001140AD /* CoreAudio.framework */; };
		28F62B481180B31600214B11 /* MKServerModelObject.h in Headers */ = {isa = PBXBuildFile; fileRef = 28F62B461180B31600214B11 /* MKServerModelObject.h */; };
		28F62B491180B31600214B11 /* MKServerModelObject.m in Sources */ = {isa = PBXBuildFile; fileRef = 28F62B471180B31600214B11 /* MKServerModelObject.m */; };
		AA747D9F0F9514B9006C5449 /* MumbleKit.pch in Headers */ = {isa = PBXBuildFile; fileRef = AA747D9E0F9514B9006C5449 /* MumbleKit.pch */; };
		AACBBE4A0F95108600F1A2B1 /* Foundation.framework in Frameworks */ = {isa = PBXBuildFile; fileRef = AACBBE490F95108600F1A2B1 /* Foundation.framework */; };
/* End PBXBuildFile section */

/* Begin PBXContainerItemProxy section */
		280442F211BFC1800069E291 /* PBXContainerItemProxy */ = {
			isa = PBXContainerItemProxy;
			containerPortal = 281F0B5D11500BB400BAA221 /* SpeexDSP.xcodeproj */;
			proxyType = 2;
			remoteGlobalIDString = 282D53C611BFBD6400717FFD;
			remoteInfo = "SpeexDSP (Mac OS X)";
		};
		280442F511BFC1800069E291 /* PBXContainerItemProxy */ = {
			isa = PBXContainerItemProxy;
			containerPortal = 281F0B5411500BAC00BAA221 /* Speex.xcodeproj */;
			proxyType = 2;
			remoteGlobalIDString = 282D533411BFBBF100717FFD;
			remoteInfo = "Speex (Mac OS X)";
		};
		280442FA11BFC1800069E291 /* PBXContainerItemProxy */ = {
			isa = PBXContainerItemProxy;
			containerPortal = 281F0B4411500BA400BAA221 /* ProtocolBuffers.xcodeproj */;
			proxyType = 2;
			remoteGlobalIDString = 2804429F11BFC0550069E291;
			remoteInfo = "ProtocolBuffers (Mac OS X)";
		};
		281F0B4E11500BA400BAA221 /* PBXContainerItemProxy */ = {
			isa = PBXContainerItemProxy;
			containerPortal = 281F0B4411500BA400BAA221 /* ProtocolBuffers.xcodeproj */;
			proxyType = 2;
			remoteGlobalIDString = 100000000000000000001ECF;
			remoteInfo = ProtocolBuffers;
		};
		281F0B5011500BA400BAA221 /* PBXContainerItemProxy */ = {
			isa = PBXContainerItemProxy;
			containerPortal = 281F0B4411500BA400BAA221 /* ProtocolBuffers.xcodeproj */;
			proxyType = 2;
			remoteGlobalIDString = 100000000000000000001C15;
			remoteInfo = UnitTests;
		};
		281F0B5211500BA400BAA221 /* PBXContainerItemProxy */ = {
			isa = PBXContainerItemProxy;
			containerPortal = 281F0B4411500BA400BAA221 /* ProtocolBuffers.xcodeproj */;
			proxyType = 2;
			remoteGlobalIDString = 1000000000000000000007A4;
			remoteInfo = CommandLineTests;
		};
		281F0B5B11500BAC00BAA221 /* PBXContainerItemProxy */ = {
			isa = PBXContainerItemProxy;
			containerPortal = 281F0B5411500BAC00BAA221 /* Speex.xcodeproj */;
			proxyType = 2;
			remoteGlobalIDString = D2AAC07E0554694100DB518D;
			remoteInfo = Speex;
		};
		281F0B6411500BB400BAA221 /* PBXContainerItemProxy */ = {
			isa = PBXContainerItemProxy;
			containerPortal = 281F0B5D11500BB400BAA221 /* SpeexDSP.xcodeproj */;
			proxyType = 2;
			remoteGlobalIDString = D2AAC07E0554694100DB518D;
			remoteInfo = SpeexDSP;
		};
		281F0B6911500BC100BAA221 /* PBXContainerItemProxy */ = {
			isa = PBXContainerItemProxy;
			containerPortal = 281F0B5411500BAC00BAA221 /* Speex.xcodeproj */;
			proxyType = 1;
			remoteGlobalIDString = D2AAC07D0554694100DB518D;
			remoteInfo = Speex;
		};
		281F0B6B11500BC400BAA221 /* PBXContainerItemProxy */ = {
			isa = PBXContainerItemProxy;
			containerPortal = 281F0B4411500BA400BAA221 /* ProtocolBuffers.xcodeproj */;
			proxyType = 1;
			remoteGlobalIDString = 100000000000000000001489;
			remoteInfo = ProtocolBuffers;
		};
		281F0B6D11500BC600BAA221 /* PBXContainerItemProxy */ = {
			isa = PBXContainerItemProxy;
			containerPortal = 281F0B5D11500BB400BAA221 /* SpeexDSP.xcodeproj */;
			proxyType = 1;
			remoteGlobalIDString = D2AAC07D0554694100DB518D;
			remoteInfo = SpeexDSP;
		};
		28232BF011C2D2960093C93B /* PBXContainerItemProxy */ = {
			isa = PBXContainerItemProxy;
			containerPortal = 28232BE811C2D2960093C93B /* CELT-0.8.0.xcodeproj */;
			proxyType = 2;
			remoteGlobalIDString = D2AAC07E0554694100DB518D;
			remoteInfo = "CELT 0.8.0 (iOS)";
		};
		28232BF211C2D2960093C93B /* PBXContainerItemProxy */ = {
			isa = PBXContainerItemProxy;
			containerPortal = 28232BE811C2D2960093C93B /* CELT-0.8.0.xcodeproj */;
			proxyType = 2;
			remoteGlobalIDString = 2842FCBA11BFB90300CE4CB1;
			remoteInfo = "CELT 0.8.0 (Mac OS X)";
		};
		289C798511C2E0120061CB28 /* PBXContainerItemProxy */ = {
			isa = PBXContainerItemProxy;
			containerPortal = 281F0B3B11500B9C00BAA221 /* CELT-0.7.0.xcodeproj */;
			proxyType = 2;
			remoteGlobalIDString = D2AAC07E0554694100DB518D;
			remoteInfo = "CELT 0.7.0 (iOS)";
		};
		289C798711C2E0120061CB28 /* PBXContainerItemProxy */ = {
			isa = PBXContainerItemProxy;
			containerPortal = 281F0B3B11500B9C00BAA221 /* CELT-0.7.0.xcodeproj */;
			proxyType = 2;
			remoteGlobalIDString = 2842FCBA11BFB90300CE4CB1;
			remoteInfo = "CELT 0.7.0 (Mac OS X)";
		};
		289C799311C2E0230061CB28 /* PBXContainerItemProxy */ = {
			isa = PBXContainerItemProxy;
			containerPortal = 281F0B3B11500B9C00BAA221 /* CELT-0.7.0.xcodeproj */;
			proxyType = 1;
			remoteGlobalIDString = 2842FCB911BFB90300CE4CB1;
			remoteInfo = "CELT 0.7.0 (Mac OS X)";
		};
		289C79A311C2E2E60061CB28 /* PBXContainerItemProxy */ = {
			isa = PBXContainerItemProxy;
			containerPortal = 281F0B3B11500B9C00BAA221 /* CELT-0.7.0.xcodeproj */;
			proxyType = 1;
			remoteGlobalIDString = D2AAC07D0554694100DB518D;
			remoteInfo = "CELT 0.7.0 (iOS)";
		};
		28D81EE011BFC2F30037D2C6 /* PBXContainerItemProxy */ = {
			isa = PBXContainerItemProxy;
			containerPortal = 281F0B5411500BAC00BAA221 /* Speex.xcodeproj */;
			proxyType = 1;
			remoteGlobalIDString = 282D533311BFBBF100717FFD;
			remoteInfo = "Speex (Mac OS X)";
		};
		28D81EE211BFC2F30037D2C6 /* PBXContainerItemProxy */ = {
			isa = PBXContainerItemProxy;
			containerPortal = 281F0B4411500BA400BAA221 /* ProtocolBuffers.xcodeproj */;
			proxyType = 1;
			remoteGlobalIDString = 2804429E11BFC0550069E291;
			remoteInfo = "ProtocolBuffers (Mac OS X)";
		};
		28D81EE411BFC2F30037D2C6 /* PBXContainerItemProxy */ = {
			isa = PBXContainerItemProxy;
			containerPortal = 281F0B5D11500BB400BAA221 /* SpeexDSP.xcodeproj */;
			proxyType = 1;
			remoteGlobalIDString = 282D53C511BFBD6400717FFD;
			remoteInfo = "SpeexDSP (Mac OS X)";
		};
/* End PBXContainerItemProxy section */

/* Begin PBXCopyFilesBuildPhase section */
		2809ABDC11C00A39006BCD26 /* CopyFiles */ = {
			isa = PBXCopyFilesBuildPhase;
			buildActionMask = 2147483647;
			dstPath = "";
			dstSubfolderSpec = 10;
			files = (
				28D81EE611BFC30E0037D2C6 /* libSpeexDSP.dylib in CopyFiles */,
				28D81EE711BFC3180037D2C6 /* libSpeex.dylib in CopyFiles */,
				28D81EE811BFC3220037D2C6 /* libProtocolBuffers.dylib in CopyFiles */,
				289C799D11C2E2C20061CB28 /* libCELT-0.7.0.dylib in CopyFiles */,
			);
			runOnlyForDeploymentPostprocessing = 0;
		};
/* End PBXCopyFilesBuildPhase section */

/* Begin PBXFileReference section */
		281A23E31179F5B600B7A471 /* MulticastDelegate.h */ = {isa = PBXFileReference; fileEncoding = 4; lastKnownFileType = sourcecode.c.h; name = MulticastDelegate.h; path = src/MulticastDelegate.h; sourceTree = "<group>"; };
		281A23E41179F5B600B7A471 /* MulticastDelegate.m */ = {isa = PBXFileReference; fileEncoding = 4; lastKnownFileType = sourcecode.c.objc; name = MulticastDelegate.m; path = src/MulticastDelegate.m; sourceTree = "<group>"; };
		281F0B3B11500B9C00BAA221 /* CELT-0.7.0.xcodeproj */ = {isa = PBXFileReference; lastKnownFileType = "wrapper.pb-project"; name = "CELT-0.7.0.xcodeproj"; path = "3rdparty/celt-0.7.0-build/CELT-0.7.0.xcodeproj"; sourceTree = "<group>"; };
		281F0B4411500BA400BAA221 /* ProtocolBuffers.xcodeproj */ = {isa = PBXFileReference; lastKnownFileType = "wrapper.pb-project"; name = ProtocolBuffers.xcodeproj; path = 3rdparty/protobufbuild/ProtocolBuffers.xcodeproj; sourceTree = "<group>"; };
		281F0B5411500BAC00BAA221 /* Speex.xcodeproj */ = {isa = PBXFileReference; lastKnownFileType = "wrapper.pb-project"; name = Speex.xcodeproj; path = 3rdparty/speexbuild/Speex.xcodeproj; sourceTree = "<group>"; };
		281F0B5D11500BB400BAA221 /* SpeexDSP.xcodeproj */ = {isa = PBXFileReference; lastKnownFileType = "wrapper.pb-project"; name = SpeexDSP.xcodeproj; path = 3rdparty/speexdspbuild/SpeexDSP.xcodeproj; sourceTree = "<group>"; };
		28232BE811C2D2960093C93B /* CELT-0.8.0.xcodeproj */ = {isa = PBXFileReference; lastKnownFileType = "wrapper.pb-project"; name = "CELT-0.8.0.xcodeproj"; path = "3rdparty/celt-0.8.0-build/CELT-0.8.0.xcodeproj"; sourceTree = "<group>"; };
		2866FBF611C2F35600CE375F /* MKConnectionController.h */ = {isa = PBXFileReference; fileEncoding = 4; lastKnownFileType = sourcecode.c.h; path = MKConnectionController.h; sourceTree = "<group>"; };
		2866FBF711C2F35600CE375F /* MKConnectionController.m */ = {isa = PBXFileReference; fileEncoding = 4; lastKnownFileType = sourcecode.c.objc; name = MKConnectionController.m; path = src/MKConnectionController.m; sourceTree = "<group>"; };
		287509CD11431A68002885AF /* MKUtils.h */ = {isa = PBXFileReference; fileEncoding = 4; lastKnownFileType = sourcecode.c.h; path = MKUtils.h; sourceTree = "<group>"; };
		28750A1C11431BD4002885AF /* AudioToolbox.framework */ = {isa = PBXFileReference; lastKnownFileType = wrapper.framework; name = AudioToolbox.framework; path = System/Library/Frameworks/AudioToolbox.framework; sourceTree = SDKROOT; };
		28750A2011431BD7002885AF /* CFNetwork.framework */ = {isa = PBXFileReference; lastKnownFileType = wrapper.framework; name = CFNetwork.framework; path = System/Library/Frameworks/CFNetwork.framework; sourceTree = SDKROOT; };
		28750A3811431C42002885AF /* MKReadWriteLock.h */ = {isa = PBXFileReference; fileEncoding = 4; lastKnownFileType = sourcecode.c.h; path = MKReadWriteLock.h; sourceTree = "<group>"; };
		28750A3A11431C50002885AF /* MKReadWriteLock.m */ = {isa = PBXFileReference; fileEncoding = 4; lastKnownFileType = sourcecode.c.objc; name = MKReadWriteLock.m; path = src/MKReadWriteLock.m; sourceTree = "<group>"; };
		28750A4511431D2E002885AF /* MKChannel.m */ = {isa = PBXFileReference; fileEncoding = 4; lastKnownFileType = sourcecode.c.objc; name = MKChannel.m; path = src/MKChannel.m; sourceTree = "<group>"; };
		28750A4611431D2E002885AF /* MKConnection.m */ = {isa = PBXFileReference; fileEncoding = 4; lastKnownFileType = sourcecode.c.objc; name = MKConnection.m; path = src/MKConnection.m; sourceTree = "<group>"; };
		28750A4711431D2E002885AF /* MKCryptState.m */ = {isa = PBXFileReference; fileEncoding = 4; lastKnownFileType = sourcecode.c.objc; name = MKCryptState.m; path = src/MKCryptState.m; sourceTree = "<group>"; };
		28750A4811431D2E002885AF /* MKPacketDataStream.m */ = {isa = PBXFileReference; fileEncoding = 4; lastKnownFileType = sourcecode.c.objc; name = MKPacketDataStream.m; path = src/MKPacketDataStream.m; sourceTree = "<group>"; };
		28750A4911431D2E002885AF /* MKServerModel.m */ = {isa = PBXFileReference; fileEncoding = 4; lastKnownFileType = sourcecode.c.objc; name = MKServerModel.m; path = src/MKServerModel.m; sourceTree = "<group>"; };
		28750A4A11431D2E002885AF /* MKUser.m */ = {isa = PBXFileReference; fileEncoding = 4; lastKnownFileType = sourcecode.c.objc; name = MKUser.m; path = src/MKUser.m; sourceTree = "<group>"; };
		28750A5111431D39002885AF /* MKChannel.h */ = {isa = PBXFileReference; fileEncoding = 4; lastKnownFileType = sourcecode.c.h; path = MKChannel.h; sourceTree = "<group>"; };
		28750A5211431D39002885AF /* MKConnection.h */ = {isa = PBXFileReference; fileEncoding = 4; lastKnownFileType = sourcecode.c.h; path = MKConnection.h; sourceTree = "<group>"; };
		28750A5311431D39002885AF /* MKCryptState.h */ = {isa = PBXFileReference; fileEncoding = 4; lastKnownFileType = sourcecode.c.h; path = MKCryptState.h; sourceTree = "<group>"; };
		28750A5411431D39002885AF /* MKPacketDataStream.h */ = {isa = PBXFileReference; fileEncoding = 4; lastKnownFileType = sourcecode.c.h; path = MKPacketDataStream.h; sourceTree = "<group>"; };
		28750A5511431D39002885AF /* MKServerModel.h */ = {isa = PBXFileReference; fileEncoding = 4; lastKnownFileType = sourcecode.c.h; path = MKServerModel.h; sourceTree = "<group>"; };
		28750A5611431D39002885AF /* MKUser.h */ = {isa = PBXFileReference; fileEncoding = 4; lastKnownFileType = sourcecode.c.h; path = MKUser.h; sourceTree = "<group>"; };
		288A6BB611500C82008FED5E /* Descriptor.pb.h */ = {isa = PBXFileReference; fileEncoding = 4; lastKnownFileType = sourcecode.c.h; path = Descriptor.pb.h; sourceTree = "<group>"; };
		288A6BB711500C82008FED5E /* Descriptor.pb.m */ = {isa = PBXFileReference; fileEncoding = 4; lastKnownFileType = sourcecode.c.objc; path = Descriptor.pb.m; sourceTree = "<group>"; };
		288A6BB811500C82008FED5E /* Mumble.pb.h */ = {isa = PBXFileReference; fileEncoding = 4; lastKnownFileType = sourcecode.c.h; path = Mumble.pb.h; sourceTree = "<group>"; };
		288A6BB911500C82008FED5E /* Mumble.pb.m */ = {isa = PBXFileReference; fileEncoding = 4; lastKnownFileType = sourcecode.c.objc; path = Mumble.pb.m; sourceTree = "<group>"; };
		288A6BBA11500C82008FED5E /* Mumble.proto */ = {isa = PBXFileReference; fileEncoding = 4; lastKnownFileType = text; path = Mumble.proto; sourceTree = "<group>"; };
		288A6BBB11500C82008FED5E /* ObjectivecDescriptor.pb.h */ = {isa = PBXFileReference; fileEncoding = 4; lastKnownFileType = sourcecode.c.h; path = ObjectivecDescriptor.pb.h; sourceTree = "<group>"; };
		288A6BBC11500C82008FED5E /* ObjectivecDescriptor.pb.m */ = {isa = PBXFileReference; fileEncoding = 4; lastKnownFileType = sourcecode.c.objc; path = ObjectivecDescriptor.pb.m; sourceTree = "<group>"; };
		2897BAB811452E4D00F3D16D /* NSInvocation(MumbleKitAdditions).h */ = {isa = PBXFileReference; fileEncoding = 4; lastKnownFileType = sourcecode.c.h; name = "NSInvocation(MumbleKitAdditions).h"; path = "../NSInvocation(MumbleKitAdditions).h"; sourceTree = "<group>"; };
		2897BAB911452E4D00F3D16D /* NSInvocation(MumbleKitAdditions).m */ = {isa = PBXFileReference; fileEncoding = 4; lastKnownFileType = sourcecode.c.objc; name = "NSInvocation(MumbleKitAdditions).m"; path = "../NSInvocation(MumbleKitAdditions).m"; sourceTree = "<group>"; };
		28A4933A11431863000627EB /* MKAudio.h */ = {isa = PBXFileReference; fileEncoding = 4; lastKnownFileType = sourcecode.c.h; path = MKAudio.h; sourceTree = "<group>"; };
		28A4933B11431863000627EB /* MKAudio.m */ = {isa = PBXFileReference; fileEncoding = 4; lastKnownFileType = sourcecode.c.objc; name = MKAudio.m; path = src/MKAudio.m; sourceTree = "<group>"; };
		28A4933C11431863000627EB /* MKAudioInput.h */ = {isa = PBXFileReference; fileEncoding = 4; lastKnownFileType = sourcecode.c.h; path = MKAudioInput.h; sourceTree = "<group>"; };
		28A4933D11431863000627EB /* MKAudioInput.m */ = {isa = PBXFileReference; fileEncoding = 4; lastKnownFileType = sourcecode.c.objc; name = MKAudioInput.m; path = src/MKAudioInput.m; sourceTree = "<group>"; };
		28A4933E11431863000627EB /* MKAudioOutput.h */ = {isa = PBXFileReference; fileEncoding = 4; lastKnownFileType = sourcecode.c.h; path = MKAudioOutput.h; sourceTree = "<group>"; };
		28A4933F11431863000627EB /* MKAudioOutput.m */ = {isa = PBXFileReference; fileEncoding = 4; lastKnownFileType = sourcecode.c.objc; name = MKAudioOutput.m; path = src/MKAudioOutput.m; sourceTree = "<group>"; };
		28A4934011431863000627EB /* MKAudioOutputSpeech.h */ = {isa = PBXFileReference; fileEncoding = 4; lastKnownFileType = sourcecode.c.h; path = MKAudioOutputSpeech.h; sourceTree = "<group>"; };
		28A4934111431863000627EB /* MKAudioOutputSpeech.m */ = {isa = PBXFileReference; fileEncoding = 4; lastKnownFileType = sourcecode.c.objc; name = MKAudioOutputSpeech.m; path = src/MKAudioOutputSpeech.m; sourceTree = "<group>"; };
		28A4934211431863000627EB /* MKAudioOutputUser.h */ = {isa = PBXFileReference; fileEncoding = 4; lastKnownFileType = sourcecode.c.h; path = MKAudioOutputUser.h; sourceTree = "<group>"; };
		28A4934311431863000627EB /* MKAudioOutputUser.m */ = {isa = PBXFileReference; fileEncoding = 4; lastKnownFileType = sourcecode.c.objc; name = MKAudioOutputUser.m; path = src/MKAudioOutputUser.m; sourceTree = "<group>"; };
		28AE414911432A26004B3046 /* MKServices.h */ = {isa = PBXFileReference; fileEncoding = 4; lastKnownFileType = sourcecode.c.h; path = MKServices.h; sourceTree = "<group>"; };
		28AE414B11432A2E004B3046 /* MKServices.m */ = {isa = PBXFileReference; fileEncoding = 4; lastKnownFileType = sourcecode.c.objc; name = MKServices.m; path = src/MKServices.m; sourceTree = "<group>"; };
		28BA40DD1179170A006FAB39 /* MKVersion.h */ = {isa = PBXFileReference; fileEncoding = 4; lastKnownFileType = sourcecode.c.h; path = MKVersion.h; sourceTree = "<group>"; };
		28BA40DE1179170A006FAB39 /* MKVersion.m */ = {isa = PBXFileReference; fileEncoding = 4; lastKnownFileType = sourcecode.c.objc; name = MKVersion.m; path = src/MKVersion.m; sourceTree = "<group>"; };
		28D1E663115018A800469C69 /* libMumbleKit.a */ = {isa = PBXFileReference; explicitFileType = archive.ar; includeInIndex = 0; path = libMumbleKit.a; sourceTree = BUILT_PRODUCTS_DIR; };
		28D81E9311BFC22F0037D2C6 /* MumbleKit.framework */ = {isa = PBXFileReference; explicitFileType = wrapper.framework; includeInIndex = 0; path = MumbleKit.framework; sourceTree = BUILT_PRODUCTS_DIR; };
		28D81E9411BFC22F0037D2C6 /* MumbleKit-MacOSX.plist */ = {isa = PBXFileReference; lastKnownFileType = text.plist.xml; name = "MumbleKit-MacOSX.plist"; path = "src/MumbleKit-MacOSX.plist"; sourceTree = "<group>"; };
		28D81EED11BFC3750037D2C6 /* Security.framework */ = {isa = PBXFileReference; lastKnownFileType = wrapper.framework; name = Security.framework; path = System/Library/Frameworks/Security.framework; sourceTree = SDKROOT; };
		28D81EF311BFC3910037D2C6 /* AudioUnit.framework */ = {isa = PBXFileReference; lastKnownFileType = wrapper.framework; name = AudioUnit.framework; path = System/Library/Frameworks/AudioUnit.framework; sourceTree = SDKROOT; };
		28DB498611C39456001140AD /* CoreAudio.framework */ = {isa = PBXFileReference; lastKnownFileType = wrapper.framework; name = CoreAudio.framework; path = System/Library/Frameworks/CoreAudio.framework; sourceTree = SDKROOT; };
		28F62B461180B31600214B11 /* MKServerModelObject.h */ = {isa = PBXFileReference; explicitFileType = sourcecode.c.objc; fileEncoding = 4; path = MKServerModelObject.h; sourceTree = "<group>"; };
		28F62B471180B31600214B11 /* MKServerModelObject.m */ = {isa = PBXFileReference; fileEncoding = 4; lastKnownFileType = sourcecode.c.objc; name = MKServerModelObject.m; path = src/MKServerModelObject.m; sourceTree = "<group>"; };
		AA747D9E0F9514B9006C5449 /* MumbleKit.pch */ = {isa = PBXFileReference; explicitFileType = sourcecode; fileEncoding = 4; name = MumbleKit.pch; path = src/MumbleKit.pch; sourceTree = "<group>"; };
		AACBBE490F95108600F1A2B1 /* Foundation.framework */ = {isa = PBXFileReference; lastKnownFileType = wrapper.framework; name = Foundation.framework; path = System/Library/Frameworks/Foundation.framework; sourceTree = SDKROOT; };
/* End PBXFileReference section */

/* Begin PBXFrameworksBuildPhase section */
		28D81E9111BFC22F0037D2C6 /* Frameworks */ = {
			isa = PBXFrameworksBuildPhase;
			buildActionMask = 2147483647;
			files = (
				2809ABDD11C00A5D006BCD26 /* libSpeexDSP.dylib in Frameworks */,
				2809ABDE11C00A6F006BCD26 /* libSpeex.dylib in Frameworks */,
				2809ABDF11C00A76006BCD26 /* libProtocolBuffers.dylib in Frameworks */,
				289C799C11C2E2B00061CB28 /* libCELT-0.7.0.dylib in Frameworks */,
				28D81EEC11BFC36F0037D2C6 /* AudioToolbox.framework in Frameworks */,
				28D81EEE11BFC3750037D2C6 /* Security.framework in Frameworks */,
				28D81EF411BFC3910037D2C6 /* AudioUnit.framework in Frameworks */,
				28DB498711C39456001140AD /* CoreAudio.framework in Frameworks */,
			);
			runOnlyForDeploymentPostprocessing = 0;
		};
		D2AAC07C0554694100DB518D /* Frameworks */ = {
			isa = PBXFrameworksBuildPhase;
			buildActionMask = 2147483647;
			files = (
				289C79A511C2E2F60061CB28 /* libCELT-0.7.0.a in Frameworks */,
				288A6BE211500E14008FED5E /* libProtocolBuffers.a in Frameworks */,
				288A6BE111500E0D008FED5E /* libSpeex.a in Frameworks */,
				288A6BE011500E06008FED5E /* libSpeexDSP.a in Frameworks */,
				AACBBE4A0F95108600F1A2B1 /* Foundation.framework in Frameworks */,
				28750A1D11431BD4002885AF /* AudioToolbox.framework in Frameworks */,
				28750A2111431BD7002885AF /* CFNetwork.framework in Frameworks */,
			);
			runOnlyForDeploymentPostprocessing = 0;
		};
/* End PBXFrameworksBuildPhase section */

/* Begin PBXGroup section */
		034768DFFF38A50411DB9C8B /* Products */ = {
			isa = PBXGroup;
			children = (
				28D1E663115018A800469C69 /* libMumbleKit.a */,
				28D81E9311BFC22F0037D2C6 /* MumbleKit.framework */,
			);
			name = Products;
			sourceTree = "<group>";
		};
		0867D691FE84028FC02AAC07 /* MumbleKit */ = {
			isa = PBXGroup;
			children = (
				281F0B3611500AB900BAA221 /* Dependencies */,
				288A6BB111500C66008FED5E /* Protocol */,
				2897BAAC11452CE300F3D16D /* Categories */,
				287509B511431932002885AF /* Headers */,
				08FB77AEFE84172EC02AAC07 /* Source */,
				2809ABCA11BFC62C006BCD26 /* Other Sources */,
				281A23DD1179F56200B7A471 /* MulticastDelegate */,
				32C88DFF0371C24200C91783 /* Prefix Header */,
				0867D69AFE84028FC02AAC07 /* Frameworks */,
				034768DFFF38A50411DB9C8B /* Products */,
				28DB498611C39456001140AD /* CoreAudio.framework */,
			);
			name = MumbleKit;
			sourceTree = "<group>";
		};
		0867D69AFE84028FC02AAC07 /* Frameworks */ = {
			isa = PBXGroup;
			children = (
				28D81EED11BFC3750037D2C6 /* Security.framework */,
				28D81EF311BFC3910037D2C6 /* AudioUnit.framework */,
				28750A2011431BD7002885AF /* CFNetwork.framework */,
				28750A1C11431BD4002885AF /* AudioToolbox.framework */,
				AACBBE490F95108600F1A2B1 /* Foundation.framework */,
			);
			name = Frameworks;
			sourceTree = "<group>";
		};
		08FB77AEFE84172EC02AAC07 /* Source */ = {
			isa = PBXGroup;
			children = (
				28BA40DE1179170A006FAB39 /* MKVersion.m */,
				28AE414B11432A2E004B3046 /* MKServices.m */,
				28750A4511431D2E002885AF /* MKChannel.m */,
				28750A4611431D2E002885AF /* MKConnection.m */,
				28750A4711431D2E002885AF /* MKCryptState.m */,
				28750A4811431D2E002885AF /* MKPacketDataStream.m */,
				28F62B471180B31600214B11 /* MKServerModelObject.m */,
				28750A4911431D2E002885AF /* MKServerModel.m */,
				28750A4A11431D2E002885AF /* MKUser.m */,
				28750A3A11431C50002885AF /* MKReadWriteLock.m */,
				28A4933B11431863000627EB /* MKAudio.m */,
				28A4933D11431863000627EB /* MKAudioInput.m */,
				28A4933F11431863000627EB /* MKAudioOutput.m */,
				28A4934111431863000627EB /* MKAudioOutputSpeech.m */,
				28A4934311431863000627EB /* MKAudioOutputUser.m */,
				2866FBF711C2F35600CE375F /* MKConnectionController.m */,
			);
			name = Source;
			sourceTree = "<group>";
		};
		2809ABCA11BFC62C006BCD26 /* Other Sources */ = {
			isa = PBXGroup;
			children = (
				28D81E9411BFC22F0037D2C6 /* MumbleKit-MacOSX.plist */,
			);
			name = "Other Sources";
			sourceTree = "<group>";
		};
		281A23DD1179F56200B7A471 /* MulticastDelegate */ = {
			isa = PBXGroup;
			children = (
				281A23E31179F5B600B7A471 /* MulticastDelegate.h */,
				281A23E41179F5B600B7A471 /* MulticastDelegate.m */,
			);
			name = MulticastDelegate;
			sourceTree = "<group>";
		};
		281F0B3611500AB900BAA221 /* Dependencies */ = {
			isa = PBXGroup;
			children = (
				281F0B5D11500BB400BAA221 /* SpeexDSP.xcodeproj */,
				281F0B5411500BAC00BAA221 /* Speex.xcodeproj */,
				281F0B4411500BA400BAA221 /* ProtocolBuffers.xcodeproj */,
				281F0B3B11500B9C00BAA221 /* CELT-0.7.0.xcodeproj */,
				28232BE811C2D2960093C93B /* CELT-0.8.0.xcodeproj */,
			);
			name = Dependencies;
			sourceTree = "<group>";
		};
		281F0B4511500BA400BAA221 /* Products */ = {
			isa = PBXGroup;
			children = (
				281F0B4F11500BA400BAA221 /* libProtocolBuffers.a */,
				281F0B5111500BA400BAA221 /* UnitTests.octest */,
				281F0B5311500BA400BAA221 /* CommandLineTests.app */,
				280442FB11BFC1800069E291 /* libProtocolBuffers.dylib */,
			);
			name = Products;
			sourceTree = "<group>";
		};
		281F0B5511500BAC00BAA221 /* Products */ = {
			isa = PBXGroup;
			children = (
				281F0B5C11500BAC00BAA221 /* libSpeex.a */,
				280442F611BFC1800069E291 /* libSpeex.dylib */,
			);
			name = Products;
			sourceTree = "<group>";
		};
		281F0B5E11500BB400BAA221 /* Products */ = {
			isa = PBXGroup;
			children = (
				281F0B6511500BB400BAA221 /* libSpeexDSP.a */,
				280442F311BFC1800069E291 /* libSpeexDSP.dylib */,
			);
			name = Products;
			sourceTree = "<group>";
		};
		28232BE911C2D2960093C93B /* Products */ = {
			isa = PBXGroup;
			children = (
				28232BF111C2D2960093C93B /* libCELT-0.8.0.a */,
				28232BF311C2D2960093C93B /* libCELT-0.8.0.dylib */,
			);
			name = Products;
			sourceTree = "<group>";
		};
		287509B511431932002885AF /* Headers */ = {
			isa = PBXGroup;
			children = (
				28BA40DD1179170A006FAB39 /* MKVersion.h */,
				28AE414911432A26004B3046 /* MKServices.h */,
				28750A5111431D39002885AF /* MKChannel.h */,
				28750A5211431D39002885AF /* MKConnection.h */,
				28750A5311431D39002885AF /* MKCryptState.h */,
				28750A5411431D39002885AF /* MKPacketDataStream.h */,
				28F62B461180B31600214B11 /* MKServerModelObject.h */,
				28750A5511431D39002885AF /* MKServerModel.h */,
				28750A5611431D39002885AF /* MKUser.h */,
				28750A3811431C42002885AF /* MKReadWriteLock.h */,
				28A4933C11431863000627EB /* MKAudioInput.h */,
				28A4934011431863000627EB /* MKAudioOutputSpeech.h */,
				28A4933E11431863000627EB /* MKAudioOutput.h */,
				28A4934211431863000627EB /* MKAudioOutputUser.h */,
				28A4933A11431863000627EB /* MKAudio.h */,
				287509CD11431A68002885AF /* MKUtils.h */,
				2866FBF611C2F35600CE375F /* MKConnectionController.h */,
			);
			name = Headers;
			path = src/MumbleKit;
			sourceTree = "<group>";
		};
		288A6BB111500C66008FED5E /* Protocol */ = {
			isa = PBXGroup;
			children = (
				288A6BB611500C82008FED5E /* Descriptor.pb.h */,
				288A6BB711500C82008FED5E /* Descriptor.pb.m */,
				288A6BB811500C82008FED5E /* Mumble.pb.h */,
				288A6BB911500C82008FED5E /* Mumble.pb.m */,
				288A6BBA11500C82008FED5E /* Mumble.proto */,
				288A6BBB11500C82008FED5E /* ObjectivecDescriptor.pb.h */,
				288A6BBC11500C82008FED5E /* ObjectivecDescriptor.pb.m */,
			);
			name = Protocol;
			path = proto;
			sourceTree = "<group>";
		};
		2897BAAC11452CE300F3D16D /* Categories */ = {
			isa = PBXGroup;
			children = (
				2897BAB811452E4D00F3D16D /* NSInvocation(MumbleKitAdditions).h */,
				2897BAB911452E4D00F3D16D /* NSInvocation(MumbleKitAdditions).m */,
			);
			name = Categories;
			path = src/MumbleKit;
			sourceTree = "<group>";
		};
		289C798111C2E0120061CB28 /* Products */ = {
			isa = PBXGroup;
			children = (
				289C798611C2E0120061CB28 /* libCELT-0.7.0.a */,
				289C798811C2E0120061CB28 /* libCELT-0.7.0.dylib */,
			);
			name = Products;
			sourceTree = "<group>";
		};
		32C88DFF0371C24200C91783 /* Prefix Header */ = {
			isa = PBXGroup;
			children = (
				AA747D9E0F9514B9006C5449 /* MumbleKit.pch */,
			);
			name = "Prefix Header";
			sourceTree = "<group>";
		};
/* End PBXGroup section */

/* Begin PBXHeadersBuildPhase section */
		28D81E8E11BFC22F0037D2C6 /* Headers */ = {
			isa = PBXHeadersBuildPhase;
			buildActionMask = 2147483647;
			files = (
				28D81EAC11BFC2480037D2C6 /* MumbleKit.pch in Headers */,
				28D81EAD11BFC2480037D2C6 /* MKAudio.h in Headers */,
				28D81EAE11BFC2480037D2C6 /* MKAudioInput.h in Headers */,
				28D81EAF11BFC2480037D2C6 /* MKAudioOutput.h in Headers */,
				28D81EB011BFC2480037D2C6 /* MKAudioOutputSpeech.h in Headers */,
				28D81EB111BFC2480037D2C6 /* MKAudioOutputUser.h in Headers */,
				28D81EB211BFC2480037D2C6 /* MKUtils.h in Headers */,
				28D81EB311BFC2480037D2C6 /* MKReadWriteLock.h in Headers */,
				28D81EB411BFC2480037D2C6 /* MKChannel.h in Headers */,
				28D81EB511BFC2480037D2C6 /* MKConnection.h in Headers */,
				28D81EB611BFC2480037D2C6 /* MKCryptState.h in Headers */,
				28D81EB711BFC2480037D2C6 /* MKPacketDataStream.h in Headers */,
				28D81EB811BFC2480037D2C6 /* MKUser.h in Headers */,
				28D81EB911BFC2480037D2C6 /* MKServerModel.h in Headers */,
				28D81EBA11BFC2480037D2C6 /* MKServices.h in Headers */,
				28D81EBB11BFC2480037D2C6 /* NSInvocation(MumbleKitAdditions).h in Headers */,
				28D81EBC11BFC2480037D2C6 /* Descriptor.pb.h in Headers */,
				28D81EBD11BFC2480037D2C6 /* Mumble.pb.h in Headers */,
				28D81EBE11BFC2480037D2C6 /* ObjectivecDescriptor.pb.h in Headers */,
				28D81EBF11BFC2480037D2C6 /* MKVersion.h in Headers */,
				28D81EC011BFC2480037D2C6 /* MulticastDelegate.h in Headers */,
				28D81EC111BFC2480037D2C6 /* MKServerModelObject.h in Headers */,
				2866FBF811C2F35600CE375F /* MKConnectionController.h in Headers */,
			);
			runOnlyForDeploymentPostprocessing = 0;
		};
		D2AAC07A0554694100DB518D /* Headers */ = {
			isa = PBXHeadersBuildPhase;
			buildActionMask = 2147483647;
			files = (
				AA747D9F0F9514B9006C5449 /* MumbleKit.pch in Headers */,
				28A4934411431863000627EB /* MKAudio.h in Headers */,
				28A4934611431863000627EB /* MKAudioInput.h in Headers */,
				28A4934811431863000627EB /* MKAudioOutput.h in Headers */,
				28A4934A11431863000627EB /* MKAudioOutputSpeech.h in Headers */,
				28A4934C11431863000627EB /* MKAudioOutputUser.h in Headers */,
				287509CF11431A68002885AF /* MKUtils.h in Headers */,
				28750A3911431C42002885AF /* MKReadWriteLock.h in Headers */,
				28750A5711431D39002885AF /* MKChannel.h in Headers */,
				28750A5811431D39002885AF /* MKConnection.h in Headers */,
				28750A5911431D39002885AF /* MKCryptState.h in Headers */,
				28750A5A11431D39002885AF /* MKPacketDataStream.h in Headers */,
				28750A5C11431D39002885AF /* MKUser.h in Headers */,
				28750A5B11431D39002885AF /* MKServerModel.h in Headers */,
				28AE414A11432A26004B3046 /* MKServices.h in Headers */,
				2897BABA11452E4D00F3D16D /* NSInvocation(MumbleKitAdditions).h in Headers */,
				288A6BBD11500C82008FED5E /* Descriptor.pb.h in Headers */,
				288A6BBF11500C82008FED5E /* Mumble.pb.h in Headers */,
				288A6BC111500C82008FED5E /* ObjectivecDescriptor.pb.h in Headers */,
				28BA40DF1179170A006FAB39 /* MKVersion.h in Headers */,
				281A23E51179F5B600B7A471 /* MulticastDelegate.h in Headers */,
				28F62B481180B31600214B11 /* MKServerModelObject.h in Headers */,
				28DA415A11C3AA590037B01D /* MKConnectionController.h in Headers */,
			);
			runOnlyForDeploymentPostprocessing = 0;
		};
/* End PBXHeadersBuildPhase section */

/* Begin PBXNativeTarget section */
		28D81E9211BFC22F0037D2C6 /* MumbleKit (Mac OS X) */ = {
			isa = PBXNativeTarget;
			buildConfigurationList = 28D81E9711BFC22F0037D2C6 /* Build configuration list for PBXNativeTarget "MumbleKit (Mac OS X)" */;
			buildPhases = (
				28D81E8E11BFC22F0037D2C6 /* Headers */,
				28D81E8F11BFC22F0037D2C6 /* Resources */,
				28D81E9011BFC22F0037D2C6 /* Sources */,
				28D81E9111BFC22F0037D2C6 /* Frameworks */,
				2809ABDC11C00A39006BCD26 /* CopyFiles */,
				2809ABEA11C00D2E006BCD26 /* ShellScript */,
			);
			buildRules = (
			);
			dependencies = (
				289C799411C2E0230061CB28 /* PBXTargetDependency */,
				28D81EE111BFC2F30037D2C6 /* PBXTargetDependency */,
				28D81EE311BFC2F30037D2C6 /* PBXTargetDependency */,
				28D81EE511BFC2F30037D2C6 /* PBXTargetDependency */,
			);
			name = "MumbleKit (Mac OS X)";
			productName = "MumbleKit (Mac OS X)";
			productReference = 28D81E9311BFC22F0037D2C6 /* MumbleKit.framework */;
			productType = "com.apple.product-type.framework";
		};
		D2AAC07D0554694100DB518D /* MumbleKit (iOS) */ = {
			isa = PBXNativeTarget;
			buildConfigurationList = 1DEB921E08733DC00010E9CD /* Build configuration list for PBXNativeTarget "MumbleKit (iOS)" */;
			buildPhases = (
				D2AAC07A0554694100DB518D /* Headers */,
				D2AAC07B0554694100DB518D /* Sources */,
				D2AAC07C0554694100DB518D /* Frameworks */,
			);
			buildRules = (
			);
			dependencies = (
				281F0B6A11500BC100BAA221 /* PBXTargetDependency */,
				281F0B6C11500BC400BAA221 /* PBXTargetDependency */,
				281F0B6E11500BC600BAA221 /* PBXTargetDependency */,
				289C79A411C2E2E60061CB28 /* PBXTargetDependency */,
			);
			name = "MumbleKit (iOS)";
			productName = MumbleKit;
			productReference = 28D1E663115018A800469C69 /* libMumbleKit.a */;
			productType = "com.apple.product-type.library.static";
		};
/* End PBXNativeTarget section */

/* Begin PBXProject section */
		0867D690FE84028FC02AAC07 /* Project object */ = {
			isa = PBXProject;
			buildConfigurationList = 1DEB922208733DC00010E9CD /* Build configuration list for PBXProject "MumbleKit" */;
			compatibilityVersion = "Xcode 3.2";
			hasScannedForEncodings = 1;
			mainGroup = 0867D691FE84028FC02AAC07 /* MumbleKit */;
			productRefGroup = 034768DFFF38A50411DB9C8B /* Products */;
			projectDirPath = "";
			projectReferences = (
				{
					ProductGroup = 289C798111C2E0120061CB28 /* Products */;
					ProjectRef = 281F0B3B11500B9C00BAA221 /* CELT-0.7.0.xcodeproj */;
				},
				{
					ProductGroup = 28232BE911C2D2960093C93B /* Products */;
					ProjectRef = 28232BE811C2D2960093C93B /* CELT-0.8.0.xcodeproj */;
				},
				{
					ProductGroup = 281F0B4511500BA400BAA221 /* Products */;
					ProjectRef = 281F0B4411500BA400BAA221 /* ProtocolBuffers.xcodeproj */;
				},
				{
					ProductGroup = 281F0B5511500BAC00BAA221 /* Products */;
					ProjectRef = 281F0B5411500BAC00BAA221 /* Speex.xcodeproj */;
				},
				{
					ProductGroup = 281F0B5E11500BB400BAA221 /* Products */;
					ProjectRef = 281F0B5D11500BB400BAA221 /* SpeexDSP.xcodeproj */;
				},
			);
			projectRoot = "";
			targets = (
				D2AAC07D0554694100DB518D /* MumbleKit (iOS) */,
				28D81E9211BFC22F0037D2C6 /* MumbleKit (Mac OS X) */,
			);
		};
/* End PBXProject section */

/* Begin PBXReferenceProxy section */
		280442F311BFC1800069E291 /* libSpeexDSP.dylib */ = {
			isa = PBXReferenceProxy;
			fileType = "compiled.mach-o.dylib";
			path = libSpeexDSP.dylib;
			remoteRef = 280442F211BFC1800069E291 /* PBXContainerItemProxy */;
			sourceTree = BUILT_PRODUCTS_DIR;
		};
		280442F611BFC1800069E291 /* libSpeex.dylib */ = {
			isa = PBXReferenceProxy;
			fileType = "compiled.mach-o.dylib";
			path = libSpeex.dylib;
			remoteRef = 280442F511BFC1800069E291 /* PBXContainerItemProxy */;
			sourceTree = BUILT_PRODUCTS_DIR;
		};
		280442FB11BFC1800069E291 /* libProtocolBuffers.dylib */ = {
			isa = PBXReferenceProxy;
			fileType = "compiled.mach-o.dylib";
			path = libProtocolBuffers.dylib;
			remoteRef = 280442FA11BFC1800069E291 /* PBXContainerItemProxy */;
			sourceTree = BUILT_PRODUCTS_DIR;
		};
		281F0B4F11500BA400BAA221 /* libProtocolBuffers.a */ = {
			isa = PBXReferenceProxy;
			fileType = archive.ar;
			path = libProtocolBuffers.a;
			remoteRef = 281F0B4E11500BA400BAA221 /* PBXContainerItemProxy */;
			sourceTree = BUILT_PRODUCTS_DIR;
		};
		281F0B5111500BA400BAA221 /* UnitTests.octest */ = {
			isa = PBXReferenceProxy;
			fileType = wrapper.cfbundle;
			path = UnitTests.octest;
			remoteRef = 281F0B5011500BA400BAA221 /* PBXContainerItemProxy */;
			sourceTree = BUILT_PRODUCTS_DIR;
		};
		281F0B5311500BA400BAA221 /* CommandLineTests.app */ = {
			isa = PBXReferenceProxy;
			fileType = wrapper.application;
			path = CommandLineTests.app;
			remoteRef = 281F0B5211500BA400BAA221 /* PBXContainerItemProxy */;
			sourceTree = BUILT_PRODUCTS_DIR;
		};
		281F0B5C11500BAC00BAA221 /* libSpeex.a */ = {
			isa = PBXReferenceProxy;
			fileType = archive.ar;
			path = libSpeex.a;
			remoteRef = 281F0B5B11500BAC00BAA221 /* PBXContainerItemProxy */;
			sourceTree = BUILT_PRODUCTS_DIR;
		};
		281F0B6511500BB400BAA221 /* libSpeexDSP.a */ = {
			isa = PBXReferenceProxy;
			fileType = archive.ar;
			path = libSpeexDSP.a;
			remoteRef = 281F0B6411500BB400BAA221 /* PBXContainerItemProxy */;
			sourceTree = BUILT_PRODUCTS_DIR;
		};
		28232BF111C2D2960093C93B /* libCELT-0.8.0.a */ = {
			isa = PBXReferenceProxy;
			fileType = archive.ar;
			path = "libCELT-0.8.0.a";
			remoteRef = 28232BF011C2D2960093C93B /* PBXContainerItemProxy */;
			sourceTree = BUILT_PRODUCTS_DIR;
		};
		28232BF311C2D2960093C93B /* libCELT-0.8.0.dylib */ = {
			isa = PBXReferenceProxy;
			fileType = "compiled.mach-o.dylib";
			path = "libCELT-0.8.0.dylib";
			remoteRef = 28232BF211C2D2960093C93B /* PBXContainerItemProxy */;
			sourceTree = BUILT_PRODUCTS_DIR;
		};
		289C798611C2E0120061CB28 /* libCELT-0.7.0.a */ = {
			isa = PBXReferenceProxy;
			fileType = archive.ar;
			path = "libCELT-0.7.0.a";
			remoteRef = 289C798511C2E0120061CB28 /* PBXContainerItemProxy */;
			sourceTree = BUILT_PRODUCTS_DIR;
		};
		289C798811C2E0120061CB28 /* libCELT-0.7.0.dylib */ = {
			isa = PBXReferenceProxy;
			fileType = "compiled.mach-o.dylib";
			path = "libCELT-0.7.0.dylib";
			remoteRef = 289C798711C2E0120061CB28 /* PBXContainerItemProxy */;
			sourceTree = BUILT_PRODUCTS_DIR;
		};
/* End PBXReferenceProxy section */

/* Begin PBXResourcesBuildPhase section */
		28D81E8F11BFC22F0037D2C6 /* Resources */ = {
			isa = PBXResourcesBuildPhase;
			buildActionMask = 2147483647;
			files = (
			);
			runOnlyForDeploymentPostprocessing = 0;
		};
/* End PBXResourcesBuildPhase section */

/* Begin PBXShellScriptBuildPhase section */
		2809ABEA11C00D2E006BCD26 /* ShellScript */ = {
			isa = PBXShellScriptBuildPhase;
			buildActionMask = 2147483647;
			files = (
			);
			inputPaths = (
			);
			outputPaths = (
			);
			runOnlyForDeploymentPostprocessing = 0;
			shellPath = /bin/bash;
			shellScript = "ROOT=${CONFIGURATION_BUILD_DIR}/MumbleKit.framework/Versions/A\nFWPATH=${ROOT}/Frameworks/\nEXECUTABLE=${ROOT}/MumbleKit\n\ninstall_name_tool -id libCELT-0.7.0.dylib ${FWPATH}/libCELT-0.7.0.dylib\ninstall_name_tool -id libCELT-0.8.0.dylib ${FWPATH}/libCELT-0.8.0.dylib\ninstall_name_tool -id libProtocolBuffers.dylib ${FWPATH}/libProtocolBuffers.dylib\ninstall_name_tool -id libSpeex.dylib ${FWPATH}/libSpeex.dylib\ninstall_name_tool -id libSpeexDSP.dylib ${FWPATH}/libSpeexDSP.dylib\n\ninstall_name_tool -change /usr/local/lib/libCELT-0.7.0.dylib @loader_path/Frameworks/libCELT-0.7.0.dylib ${EXECUTABLE}\ninstall_name_tool -change /usr/local/lib/libCELT-0.8.0.dylib @loader_path/Frameworks/libCELT-0.8.0.dylib ${EXECUTABLE}\ninstall_name_tool -change /usr/local/lib/libProtocolBuffers.dylib @loader_path/Frameworks/libProtocolBuffers.dylib ${EXECUTABLE}\ninstall_name_tool -change /usr/local/lib/libSpeex.dylib @loader_path/Frameworks/libSpeex.dylib ${EXECUTABLE}\ninstall_name_tool -change /usr/local/lib/libSpeexDSP.dylib @loader_path/Frameworks/libSpeexDSP.dylib ${EXECUTABLE}\n\ninstall_name_tool -id MumbleKit ${EXECUTABLE}\n";
		};
/* End PBXShellScriptBuildPhase section */

/* Begin PBXSourcesBuildPhase section */
		28D81E9011BFC22F0037D2C6 /* Sources */ = {
			isa = PBXSourcesBuildPhase;
			buildActionMask = 2147483647;
			files = (
				28D81E9811BFC2400037D2C6 /* MKAudio.m in Sources */,
				28D81E9911BFC2400037D2C6 /* MKAudioInput.m in Sources */,
				28D81E9A11BFC2400037D2C6 /* MKAudioOutput.m in Sources */,
				28D81E9B11BFC2400037D2C6 /* MKAudioOutputSpeech.m in Sources */,
				28D81E9C11BFC2400037D2C6 /* MKAudioOutputUser.m in Sources */,
				28D81E9D11BFC2400037D2C6 /* MKReadWriteLock.m in Sources */,
				28D81E9E11BFC2400037D2C6 /* MKChannel.m in Sources */,
				28D81E9F11BFC2400037D2C6 /* MKConnection.m in Sources */,
				28D81EA011BFC2400037D2C6 /* MKCryptState.m in Sources */,
				28D81EA111BFC2400037D2C6 /* MKPacketDataStream.m in Sources */,
				28D81EA211BFC2400037D2C6 /* MKServerModel.m in Sources */,
				28D81EA311BFC2400037D2C6 /* MKUser.m in Sources */,
				28D81EA411BFC2400037D2C6 /* MKServices.m in Sources */,
				28D81EA511BFC2400037D2C6 /* NSInvocation(MumbleKitAdditions).m in Sources */,
				28D81EA611BFC2400037D2C6 /* Descriptor.pb.m in Sources */,
				28D81EA711BFC2400037D2C6 /* Mumble.pb.m in Sources */,
				28D81EA811BFC2400037D2C6 /* ObjectivecDescriptor.pb.m in Sources */,
				28D81EA911BFC2400037D2C6 /* MKVersion.m in Sources */,
				28D81EAA11BFC2400037D2C6 /* MulticastDelegate.m in Sources */,
				28D81EAB11BFC2400037D2C6 /* MKServerModelObject.m in Sources */,
				2866FBF911C2F35600CE375F /* MKConnectionController.m in Sources */,
			);
			runOnlyForDeploymentPostprocessing = 0;
		};
		D2AAC07B0554694100DB518D /* Sources */ = {
			isa = PBXSourcesBuildPhase;
			buildActionMask = 2147483647;
			files = (
				28DA415911C3AA4D0037B01D /* MKConnectionController.m in Sources */,
				28A4934511431863000627EB /* MKAudio.m in Sources */,
				28A4934711431863000627EB /* MKAudioInput.m in Sources */,
				28A4934911431863000627EB /* MKAudioOutput.m in Sources */,
				28A4934B11431863000627EB /* MKAudioOutputSpeech.m in Sources */,
				28A4934D11431863000627EB /* MKAudioOutputUser.m in Sources */,
				28750A3B11431C50002885AF /* MKReadWriteLock.m in Sources */,
				28750A4B11431D2E002885AF /* MKChannel.m in Sources */,
				28750A4C11431D2E002885AF /* MKConnection.m in Sources */,
				28750A4D11431D2E002885AF /* MKCryptState.m in Sources */,
				28750A4E11431D2E002885AF /* MKPacketDataStream.m in Sources */,
				28750A4F11431D2E002885AF /* MKServerModel.m in Sources */,
				28750A5011431D2E002885AF /* MKUser.m in Sources */,
				28AE414C11432A2E004B3046 /* MKServices.m in Sources */,
				2897BABB11452E4D00F3D16D /* NSInvocation(MumbleKitAdditions).m in Sources */,
				288A6BBE11500C82008FED5E /* Descriptor.pb.m in Sources */,
				288A6BC011500C82008FED5E /* Mumble.pb.m in Sources */,
				288A6BC211500C82008FED5E /* ObjectivecDescriptor.pb.m in Sources */,
				28BA40E01179170A006FAB39 /* MKVersion.m in Sources */,
				281A23E61179F5B600B7A471 /* MulticastDelegate.m in Sources */,
				28F62B491180B31600214B11 /* MKServerModelObject.m in Sources */,
			);
			runOnlyForDeploymentPostprocessing = 0;
		};
/* End PBXSourcesBuildPhase section */

/* Begin PBXTargetDependency section */
		281F0B6A11500BC100BAA221 /* PBXTargetDependency */ = {
			isa = PBXTargetDependency;
			name = Speex;
			targetProxy = 281F0B6911500BC100BAA221 /* PBXContainerItemProxy */;
		};
		281F0B6C11500BC400BAA221 /* PBXTargetDependency */ = {
			isa = PBXTargetDependency;
			name = ProtocolBuffers;
			targetProxy = 281F0B6B11500BC400BAA221 /* PBXContainerItemProxy */;
		};
		281F0B6E11500BC600BAA221 /* PBXTargetDependency */ = {
			isa = PBXTargetDependency;
			name = SpeexDSP;
			targetProxy = 281F0B6D11500BC600BAA221 /* PBXContainerItemProxy */;
		};
		289C799411C2E0230061CB28 /* PBXTargetDependency */ = {
			isa = PBXTargetDependency;
			name = "CELT 0.7.0 (Mac OS X)";
			targetProxy = 289C799311C2E0230061CB28 /* PBXContainerItemProxy */;
		};
		289C79A411C2E2E60061CB28 /* PBXTargetDependency */ = {
			isa = PBXTargetDependency;
			name = "CELT 0.7.0 (iOS)";
			targetProxy = 289C79A311C2E2E60061CB28 /* PBXContainerItemProxy */;
		};
		28D81EE111BFC2F30037D2C6 /* PBXTargetDependency */ = {
			isa = PBXTargetDependency;
			name = "Speex (Mac OS X)";
			targetProxy = 28D81EE011BFC2F30037D2C6 /* PBXContainerItemProxy */;
		};
		28D81EE311BFC2F30037D2C6 /* PBXTargetDependency */ = {
			isa = PBXTargetDependency;
			name = "ProtocolBuffers (Mac OS X)";
			targetProxy = 28D81EE211BFC2F30037D2C6 /* PBXContainerItemProxy */;
		};
		28D81EE511BFC2F30037D2C6 /* PBXTargetDependency */ = {
			isa = PBXTargetDependency;
			name = "SpeexDSP (Mac OS X)";
			targetProxy = 28D81EE411BFC2F30037D2C6 /* PBXContainerItemProxy */;
		};
/* End PBXTargetDependency section */

/* Begin XCBuildConfiguration section */
		1DEB921F08733DC00010E9CD /* Debug */ = {
			isa = XCBuildConfiguration;
			buildSettings = {
				ALWAYS_SEARCH_USER_PATHS = NO;
				ARCHS = "$(ARCHS_UNIVERSAL_IPHONE_OS)";
				COPY_PHASE_STRIP = NO;
				DSTROOT = /tmp/MumbleKit.dst;
				FRAMEWORK_SEARCH_PATHS = "";
				GCC_DYNAMIC_NO_PIC = NO;
				GCC_ENABLE_FIX_AND_CONTINUE = YES;
				GCC_MODEL_TUNING = G5;
				GCC_OPTIMIZATION_LEVEL = 0;
				GCC_PRECOMPILE_PREFIX_HEADER = YES;
				GCC_PREFIX_HEADER = src/MumbleKit.pch;
				HEADER_SEARCH_PATHS = (
					"${PROJECT_DIR}/3rdparty/celt-0.7.0/libcelt//**",
					"${PROJECT_DIR}/3rdparty/speex/include//**",
					"${PROJECT_DIR}/3rdparty/protobuf/objectivec/Classes//**",
					"${PROJECT_DIR}/proto//**",
				);
				INSTALL_PATH = /usr/local/lib;
				PRODUCT_NAME = MumbleKit;
				SDKROOT = iphoneos3.2;
			};
			name = Debug;
		};
		1DEB922008733DC00010E9CD /* Release */ = {
			isa = XCBuildConfiguration;
			buildSettings = {
				ALWAYS_SEARCH_USER_PATHS = NO;
				ARCHS = "$(ARCHS_UNIVERSAL_IPHONE_OS)";
				DSTROOT = /tmp/MumbleKit.dst;
				FRAMEWORK_SEARCH_PATHS = "";
				GCC_MODEL_TUNING = G5;
				GCC_PRECOMPILE_PREFIX_HEADER = YES;
				GCC_PREFIX_HEADER = src/MumbleKit.pch;
				HEADER_SEARCH_PATHS = (
					"${PROJECT_DIR}/3rdparty/celt-0.7.0/libcelt//**",
					"${PROJECT_DIR}/3rdparty/speex/include//**",
					"${PROJECT_DIR}/3rdparty/protobuf/objectivec/Classes//**",
					"${PROJECT_DIR}/proto//**",
				);
				INSTALL_PATH = /usr/local/lib;
				PRODUCT_NAME = MumbleKit;
				SDKROOT = iphoneos3.2;
			};
			name = Release;
		};
		1DEB922308733DC00010E9CD /* Debug */ = {
			isa = XCBuildConfiguration;
			buildSettings = {
				ARCHS = "$(ARCHS_STANDARD_32_64_BIT)";
				GCC_C_LANGUAGE_STANDARD = c99;
				GCC_OPTIMIZATION_LEVEL = 0;
				GCC_WARN_ABOUT_RETURN_TYPE = YES;
				GCC_WARN_UNUSED_VARIABLE = YES;
				HEADER_SEARCH_PATHS = "./**";
				MACH_O_TYPE = staticlib;
				OTHER_LDFLAGS = "-ObjC";
				PREBINDING = NO;
				SDKROOT = macosx10.6;
				VALID_ARCHS = "";
			};
			name = Debug;
		};
		1DEB922408733DC00010E9CD /* Release */ = {
			isa = XCBuildConfiguration;
			buildSettings = {
				ARCHS = "$(ARCHS_STANDARD_32_64_BIT)";
				GCC_C_LANGUAGE_STANDARD = c99;
				GCC_WARN_ABOUT_RETURN_TYPE = YES;
				GCC_WARN_UNUSED_VARIABLE = YES;
				HEADER_SEARCH_PATHS = "./**";
				MACH_O_TYPE = staticlib;
				OTHER_LDFLAGS = "-ObjC";
				PREBINDING = NO;
				SDKROOT = macosx10.6;
				VALID_ARCHS = "";
			};
			name = Release;
		};
		28D81E9511BFC22F0037D2C6 /* Debug */ = {
			isa = XCBuildConfiguration;
			buildSettings = {
				ALWAYS_SEARCH_USER_PATHS = NO;
				COPY_PHASE_STRIP = NO;
				DYLIB_COMPATIBILITY_VERSION = 1;
				DYLIB_CURRENT_VERSION = 1;
				FRAMEWORK_VERSION = A;
				GCC_DYNAMIC_NO_PIC = NO;
				GCC_ENABLE_FIX_AND_CONTINUE = YES;
				GCC_MODEL_TUNING = G5;
				GCC_OPTIMIZATION_LEVEL = 0;
				GCC_PRECOMPILE_PREFIX_HEADER = YES;
				GCC_PREFIX_HEADER = src/MumbleKit.pch;
				HEADER_SEARCH_PATHS = (
					"./**",
					"${PROJECT_DIR}/3rdparty/celt-0.7.0/libcelt/",
					"${PROJECT_DIR}/3rdparty/speex/include/",
					"${PROJECT_DIR}/3rdparty/protobuf/objectivec/Classes/",
					"${PROJECT_DIR}/proto/",
				);
				INFOPLIST_FILE = "src/MumbleKit-MacOSX.plist";
				INSTALL_PATH = "$(HOME)/Library/Frameworks";
				MACH_O_TYPE = mh_dylib;
				OTHER_LDFLAGS = (
					"-framework",
					Foundation,
					"-framework",
					AppKit,
				);
				PREBINDING = NO;
				PRODUCT_NAME = MumbleKit;
				SDKROOT = macosx10.6;
				VALID_ARCHS = "x86_64 ppc i386";
			};
			name = Debug;
		};
		28D81E9611BFC22F0037D2C6 /* Release */ = {
			isa = XCBuildConfiguration;
			buildSettings = {
				ALWAYS_SEARCH_USER_PATHS = NO;
				COPY_PHASE_STRIP = YES;
				DEBUG_INFORMATION_FORMAT = "dwarf-with-dsym";
				DYLIB_COMPATIBILITY_VERSION = 1;
				DYLIB_CURRENT_VERSION = 1;
				FRAMEWORK_VERSION = A;
				GCC_ENABLE_FIX_AND_CONTINUE = NO;
				GCC_MODEL_TUNING = G5;
				GCC_PRECOMPILE_PREFIX_HEADER = YES;
				GCC_PREFIX_HEADER = src/MumbleKit.pch;
				HEADER_SEARCH_PATHS = (
					"./**",
					"${PROJECT_DIR}/3rdparty/celt-0.7.0/libcelt/",
					"${PROJECT_DIR}/3rdparty/speex/include/",
					"${PROJECT_DIR}/3rdparty/protobuf/objectivec/Classes/",
					"${PROJECT_DIR}/proto/",
				);
				INFOPLIST_FILE = "src/MumbleKit-MacOSX.plist";
				INSTALL_PATH = "$(HOME)/Library/Frameworks";
				MACH_O_TYPE = mh_dylib;
				OTHER_LDFLAGS = (
					"-framework",
					Foundation,
					"-framework",
					AppKit,
				);
				PREBINDING = NO;
				PRODUCT_NAME = MumbleKit;
				SDKROOT = macosx10.6;
				VALID_ARCHS = "x86_64 ppc i386";
				ZERO_LINK = NO;
			};
			name = Release;
		};
/* End XCBuildConfiguration section */

/* Begin XCConfigurationList section */
		1DEB921E08733DC00010E9CD /* Build configuration list for PBXNativeTarget "MumbleKit (iOS)" */ = {
			isa = XCConfigurationList;
			buildConfigurations = (
				1DEB921F08733DC00010E9CD /* Debug */,
				1DEB922008733DC00010E9CD /* Release */,
			);
			defaultConfigurationIsVisible = 0;
			defaultConfigurationName = Release;
		};
		1DEB922208733DC00010E9CD /* Build configuration list for PBXProject "MumbleKit" */ = {
			isa = XCConfigurationList;
			buildConfigurations = (
				1DEB922308733DC00010E9CD /* Debug */,
				1DEB922408733DC00010E9CD /* Release */,
			);
			defaultConfigurationIsVisible = 0;
			defaultConfigurationName = Release;
		};
		28D81E9711BFC22F0037D2C6 /* Build configuration list for PBXNativeTarget "MumbleKit (Mac OS X)" */ = {
			isa = XCConfigurationList;
			buildConfigurations = (
				28D81E9511BFC22F0037D2C6 /* Debug */,
				28D81E9611BFC22F0037D2C6 /* Release */,
			);
			defaultConfigurationIsVisible = 0;
			defaultConfigurationName = Release;
		};
/* End XCConfigurationList section */
	};
	rootObject = 0867D690FE84028FC02AAC07 /* Project object */;
}
